
Microsoft Visual Studio Solution File, Format Version 12.00
# Visual Studio Version 16
VisualStudioVersion = 16.0.31321.278
MinimumVisualStudioVersion = 10.0.40219.1
Project("{9A19103F-16F7-4668-BE54-9A1E7A4F7556}") = "Minefield", "C:\Users\asus\source\repos\Minefield\Minefield.csproj", "{961B3E14-0178-419F-81F7-D0F2350740E7}"
EndProject
Global
	GlobalSection(SolutionConfigurationPlatforms) = preSolution
		Debug|Any CPU = Debug|Any CPU
		Release|Any CPU = Release|Any CPU
	EndGlobalSection
	GlobalSection(ProjectConfigurationPlatforms) = postSolution
		{961B3E14-0178-419F-81F7-D0F2350740E7}.Debug|Any CPU.ActiveCfg = Debug|Any CPU
		{961B3E14-0178-419F-81F7-D0F2350740E7}.Debug|Any CPU.Build.0 = Debug|Any CPU
		{961B3E14-0178-419F-81F7-D0F2350740E7}.Release|Any CPU.ActiveCfg = Release|Any CPU
		{961B3E14-0178-419F-81F7-D0F2350740E7}.Release|Any CPU.Build.0 = Release|Any CPU
	EndGlobalSection
	GlobalSection(SolutionProperties) = preSolution
		HideSolutionNode = FALSE
	EndGlobalSection
	GlobalSection(ExtensibilityGlobals) = postSolution
		SolutionGuid = {B816D8C0-5270-4048-8825-F1B429DAB0BB}
	EndGlobalSection
EndGlobal
